// !$*UTF8*$!
{
	archiveVersion = 1;
	classes = {
	};
	objectVersion = 55;
	objects = {

/* Begin PBXBuildFile section */
		893D5A79280207D6004244FF /* prince2App.swift in Sources */ = {isa = PBXBuildFile; fileRef = 893D5A78280207D6004244FF /* prince2App.swift */; };
		893D5A7B280207D6004244FF /* ContentView.swift in Sources */ = {isa = PBXBuildFile; fileRef = 893D5A7A280207D6004244FF /* ContentView.swift */; };
		893D5A7D280207D8004244FF /* Assets.xcassets in Resources */ = {isa = PBXBuildFile; fileRef = 893D5A7C280207D8004244FF /* Assets.xcassets */; };
		893D5A80280207D8004244FF /* Preview Assets.xcassets in Resources */ = {isa = PBXBuildFile; fileRef = 893D5A7F280207D8004244FF /* Preview Assets.xcassets */; };
		893D5A8A280207D8004244FF /* prince2Tests.swift in Sources */ = {isa = PBXBuildFile; fileRef = 893D5A89280207D8004244FF /* prince2Tests.swift */; };
		893D5A94280207D8004244FF /* prince2UITests.swift in Sources */ = {isa = PBXBuildFile; fileRef = 893D5A93280207D8004244FF /* prince2UITests.swift */; };
		893D5A96280207D8004244FF /* prince2UITestsLaunchTests.swift in Sources */ = {isa = PBXBuildFile; fileRef = 893D5A95280207D8004244FF /* prince2UITestsLaunchTests.swift */; };
/* End PBXBuildFile section */

/* Begin PBXContainerItemProxy section */
		893D5A86280207D8004244FF /* PBXContainerItemProxy */ = {
			isa = PBXContainerItemProxy;
			containerPortal = 893D5A6D280207D6004244FF /* Project object */;
			proxyType = 1;
			remoteGlobalIDString = 893D5A74280207D6004244FF;
			remoteInfo = prince2;
		};
		893D5A90280207D8004244FF /* PBXContainerItemProxy */ = {
			isa = PBXContainerItemProxy;
			containerPortal = 893D5A6D280207D6004244FF /* Project object */;
			proxyType = 1;
			remoteGlobalIDString = 893D5A74280207D6004244FF;
			remoteInfo = prince2;
		};
/* End PBXContainerItemProxy section */

/* Begin PBXFileReference section */
		893D5A75280207D6004244FF /* prince2.app */ = {isa = PBXFileReference; explicitFileType = wrapper.application; includeInIndex = 0; path = prince2.app; sourceTree = BUILT_PRODUCTS_DIR; };
		893D5A78280207D6004244FF /* prince2App.swift */ = {isa = PBXFileReference; lastKnownFileType = sourcecode.swift; path = prince2App.swift; sourceTree = "<group>"; };
		893D5A7A280207D6004244FF /* ContentView.swift */ = {isa = PBXFileReference; lastKnownFileType = sourcecode.swift; path = ContentView.swift; sourceTree = "<group>"; };
		893D5A7C280207D8004244FF /* Assets.xcassets */ = {isa = PBXFileReference; lastKnownFileType = folder.assetcatalog; path = Assets.xcassets; sourceTree = "<group>"; };
		893D5A7F280207D8004244FF /* Preview Assets.xcassets */ = {isa = PBXFileReference; lastKnownFileType = folder.assetcatalog; path = "Preview Assets.xcassets"; sourceTree = "<group>"; };
		893D5A85280207D8004244FF /* prince2Tests.xctest */ = {isa = PBXFileReference; explicitFileType = wrapper.cfbundle; includeInIndex = 0; path = prince2Tests.xctest; sourceTree = BUILT_PRODUCTS_DIR; };
		893D5A89280207D8004244FF /* prince2Tests.swift */ = {isa = PBXFileReference; lastKnownFileType = sourcecode.swift; path = prince2Tests.swift; sourceTree = "<group>"; };
		893D5A8F280207D8004244FF /* prince2UITests.xctest */ = {isa = PBXFileReference; explicitFileType = wrapper.cfbundle; includeInIndex = 0; path = prince2UITests.xctest; sourceTree = BUILT_PRODUCTS_DIR; };
		893D5A93280207D8004244FF /* prince2UITests.swift */ = {isa = PBXFileReference; lastKnownFileType = sourcecode.swift; path = prince2UITests.swift; sourceTree = "<group>"; };
		893D5A95280207D8004244FF /* prince2UITestsLaunchTests.swift */ = {isa = PBXFileReference; lastKnownFileType = sourcecode.swift; path = prince2UITestsLaunchTests.swift; sourceTree = "<group>"; };
/* End PBXFileReference section */

/* Begin PBXFrameworksBuildPhase section */
		893D5A72280207D6004244FF /* Frameworks */ = {
			isa = PBXFrameworksBuildPhase;
			buildActionMask = 2147483647;
			files = (
			);
			runOnlyForDeploymentPostprocessing = 0;
		};
		893D5A82280207D8004244FF /* Frameworks */ = {
			isa = PBXFrameworksBuildPhase;
			buildActionMask = 2147483647;
			files = (
			);
			runOnlyForDeploymentPostprocessing = 0;
		};
		893D5A8C280207D8004244FF /* Frameworks */ = {
			isa = PBXFrameworksBuildPhase;
			buildActionMask = 2147483647;
			files = (
			);
			runOnlyForDeploymentPostprocessing = 0;
		};
/* End PBXFrameworksBuildPhase section */

/* Begin PBXGroup section */
		893D5A6C280207D6004244FF = {
			isa = PBXGroup;
			children = (
				893D5A77280207D6004244FF /* prince2 */,
				893D5A88280207D8004244FF /* prince2Tests */,
				893D5A92280207D8004244FF /* prince2UITests */,
				893D5A76280207D6004244FF /* Products */,
			);
			sourceTree = "<group>";
		};
		893D5A76280207D6004244FF /* Products */ = {
			isa = PBXGroup;
			children = (
				893D5A75280207D6004244FF /* prince2.app */,
				893D5A85280207D8004244FF /* prince2Tests.xctest */,
				893D5A8F280207D8004244FF /* prince2UITests.xctest */,
			);
			name = Products;
			sourceTree = "<group>";
		};
		893D5A77280207D6004244FF /* prince2 */ = {
			isa = PBXGroup;
			children = (
				893D5A78280207D6004244FF /* prince2App.swift */,
				893D5A7A280207D6004244FF /* ContentView.swift */,
				893D5A7C280207D8004244FF /* Assets.xcassets */,
				893D5A7E280207D8004244FF /* Preview Content */,
			);
			path = prince2;
			sourceTree = "<group>";
		};
		893D5A7E280207D8004244FF /* Preview Content */ = {
			isa = PBXGroup;
			children = (
				893D5A7F280207D8004244FF /* Preview Assets.xcassets */,
			);
			path = "Preview Content";
			sourceTree = "<group>";
		};
		893D5A88280207D8004244FF /* prince2Tests */ = {
			isa = PBXGroup;
			children = (
				893D5A89280207D8004244FF /* prince2Tests.swift */,
			);
			path = prince2Tests;
			sourceTree = "<group>";
		};
		893D5A92280207D8004244FF /* prince2UITests */ = {
			isa = PBXGroup;
			children = (
				893D5A93280207D8004244FF /* prince2UITests.swift */,
				893D5A95280207D8004244FF /* prince2UITestsLaunchTests.swift */,
			);
			path = prince2UITests;
			sourceTree = "<group>";
		};
/* End PBXGroup section */

/* Begin PBXNativeTarget section */
		893D5A74280207D6004244FF /* prince2 */ = {
			isa = PBXNativeTarget;
			buildConfigurationList = 893D5A99280207D8004244FF /* Build configuration list for PBXNativeTarget "prince2" */;
			buildPhases = (
				893D5A71280207D6004244FF /* Sources */,
				893D5A72280207D6004244FF /* Frameworks */,
				893D5A73280207D6004244FF /* Resources */,
			);
			buildRules = (
			);
			dependencies = (
			);
			name = prince2;
			productName = prince2;
			productReference = 893D5A75280207D6004244FF /* prince2.app */;
			productType = "com.apple.product-type.application";
		};
		893D5A84280207D8004244FF /* prince2Tests */ = {
			isa = PBXNativeTarget;
			buildConfigurationList = 893D5A9C280207D8004244FF /* Build configuration list for PBXNativeTarget "prince2Tests" */;
			buildPhases = (
				893D5A81280207D8004244FF /* Sources */,
				893D5A82280207D8004244FF /* Frameworks */,
				893D5A83280207D8004244FF /* Resources */,
			);
			buildRules = (
			);
			dependencies = (
				893D5A87280207D8004244FF /* PBXTargetDependency */,
			);
			name = prince2Tests;
			productName = prince2Tests;
			productReference = 893D5A85280207D8004244FF /* prince2Tests.xctest */;
			productType = "com.apple.product-type.bundle.unit-test";
		};
		893D5A8E280207D8004244FF /* prince2UITests */ = {
			isa = PBXNativeTarget;
			buildConfigurationList = 893D5A9F280207D8004244FF /* Build configuration list for PBXNativeTarget "prince2UITests" */;
			buildPhases = (
				893D5A8B280207D8004244FF /* Sources */,
				893D5A8C280207D8004244FF /* Frameworks */,
				893D5A8D280207D8004244FF /* Resources */,
			);
			buildRules = (
			);
			dependencies = (
				893D5A91280207D8004244FF /* PBXTargetDependency */,
			);
			name = prince2UITests;
			productName = prince2UITests;
			productReference = 893D5A8F280207D8004244FF /* prince2UITests.xctest */;
			productType = "com.apple.product-type.bundle.ui-testing";
		};
/* End PBXNativeTarget section */

/* Begin PBXProject section */
		893D5A6D280207D6004244FF /* Project object */ = {
			isa = PBXProject;
			attributes = {
				BuildIndependentTargetsInParallel = 1;
				LastSwiftUpdateCheck = 1330;
				LastUpgradeCheck = 1330;
				TargetAttributes = {
					893D5A74280207D6004244FF = {
						CreatedOnToolsVersion = 13.3;
					};
					893D5A84280207D8004244FF = {
						CreatedOnToolsVersion = 13.3;
						TestTargetID = 893D5A74280207D6004244FF;
					};
					893D5A8E280207D8004244FF = {
						CreatedOnToolsVersion = 13.3;
						TestTargetID = 893D5A74280207D6004244FF;
					};
				};
			};
			buildConfigurationList = 893D5A70280207D6004244FF /* Build configuration list for PBXProject "prince2" */;
			compatibilityVersion = "Xcode 13.0";
			developmentRegion = en;
			hasScannedForEncodings = 0;
			knownRegions = (
				en,
				Base,
			);
			mainGroup = 893D5A6C280207D6004244FF;
			productRefGroup = 893D5A76280207D6004244FF /* Products */;
			projectDirPath = "";
			projectRoot = "";
			targets = (
				893D5A74280207D6004244FF /* prince2 */,
				893D5A84280207D8004244FF /* prince2Tests */,
				893D5A8E280207D8004244FF /* prince2UITests */,
			);
		};
/* End PBXProject section */

/* Begin PBXResourcesBuildPhase section */
		893D5A73280207D6004244FF /* Resources */ = {
			isa = PBXResourcesBuildPhase;
			buildActionMask = 2147483647;
			files = (
				893D5A80280207D8004244FF /* Preview Assets.xcassets in Resources */,
				893D5A7D280207D8004244FF /* Assets.xcassets in Resources */,
			);
			runOnlyForDeploymentPostprocessing = 0;
		};
		893D5A83280207D8004244FF /* Resources */ = {
			isa = PBXResourcesBuildPhase;
			buildActionMask = 2147483647;
			files = (
			);
			runOnlyForDeploymentPostprocessing = 0;
		};
		893D5A8D280207D8004244FF /* Resources */ = {
			isa = PBXResourcesBuildPhase;
			buildActionMask = 2147483647;
			files = (
			);
			runOnlyForDeploymentPostprocessing = 0;
		};
/* End PBXResourcesBuildPhase section */

/* Begin PBXSourcesBuildPhase section */
		893D5A71280207D6004244FF /* Sources */ = {
			isa = PBXSourcesBuildPhase;
			buildActionMask = 2147483647;
			files = (
				893D5A7B280207D6004244FF /* ContentView.swift in Sources */,
				893D5A79280207D6004244FF /* prince2App.swift in Sources */,
			);
			runOnlyForDeploymentPostprocessing = 0;
		};
		893D5A81280207D8004244FF /* Sources */ = {
			isa = PBXSourcesBuildPhase;
			buildActionMask = 2147483647;
			files = (
				893D5A8A280207D8004244FF /* prince2Tests.swift in Sources */,
			);
			runOnlyForDeploymentPostprocessing = 0;
		};
		893D5A8B280207D8004244FF /* Sources */ = {
			isa = PBXSourcesBuildPhase;
			buildActionMask = 2147483647;
			files = (
				893D5A96280207D8004244FF /* prince2UITestsLaunchTests.swift in Sources */,
				893D5A94280207D8004244FF /* prince2UITests.swift in Sources */,
			);
			runOnlyForDeploymentPostprocessing = 0;
		};
/* End PBXSourcesBuildPhase section */

/* Begin PBXTargetDependency section */
		893D5A87280207D8004244FF /* PBXTargetDependency */ = {
			isa = PBXTargetDependency;
			target = 893D5A74280207D6004244FF /* prince2 */;
			targetProxy = 893D5A86280207D8004244FF /* PBXContainerItemProxy */;
		};
		893D5A91280207D8004244FF /* PBXTargetDependency */ = {
			isa = PBXTargetDependency;
			target = 893D5A74280207D6004244FF /* prince2 */;
			targetProxy = 893D5A90280207D8004244FF /* PBXContainerItemProxy */;
		};
/* End PBXTargetDependency section */

/* Begin XCBuildConfiguration section */
		893D5A97280207D8004244FF /* Debug */ = {
			isa = XCBuildConfiguration;
			buildSettings = {
				ALWAYS_SEARCH_USER_PATHS = NO;
				CLANG_ANALYZER_NONNULL = YES;
				CLANG_ANALYZER_NUMBER_OBJECT_CONVERSION = YES_AGGRESSIVE;
				CLANG_CXX_LANGUAGE_STANDARD = "gnu++17";
				CLANG_ENABLE_MODULES = YES;
				CLANG_ENABLE_OBJC_ARC = YES;
				CLANG_ENABLE_OBJC_WEAK = YES;
				CLANG_WARN_BLOCK_CAPTURE_AUTORELEASING = YES;
				CLANG_WARN_BOOL_CONVERSION = YES;
				CLANG_WARN_COMMA = YES;
				CLANG_WARN_CONSTANT_CONVERSION = YES;
				CLANG_WARN_DEPRECATED_OBJC_IMPLEMENTATIONS = YES;
				CLANG_WARN_DIRECT_OBJC_ISA_USAGE = YES_ERROR;
				CLANG_WARN_DOCUMENTATION_COMMENTS = YES;
				CLANG_WARN_EMPTY_BODY = YES;
				CLANG_WARN_ENUM_CONVERSION = YES;
				CLANG_WARN_INFINITE_RECURSION = YES;
				CLANG_WARN_INT_CONVERSION = YES;
				CLANG_WARN_NON_LITERAL_NULL_CONVERSION = YES;
				CLANG_WARN_OBJC_IMPLICIT_RETAIN_SELF = YES;
				CLANG_WARN_OBJC_LITERAL_CONVERSION = YES;
				CLANG_WARN_OBJC_ROOT_CLASS = YES_ERROR;
				CLANG_WARN_QUOTED_INCLUDE_IN_FRAMEWORK_HEADER = YES;
				CLANG_WARN_RANGE_LOOP_ANALYSIS = YES;
				CLANG_WARN_STRICT_PROTOTYPES = YES;
				CLANG_WARN_SUSPICIOUS_MOVE = YES;
				CLANG_WARN_UNGUARDED_AVAILABILITY = YES_AGGRESSIVE;
				CLANG_WARN_UNREACHABLE_CODE = YES;
				CLANG_WARN__DUPLICATE_METHOD_MATCH = YES;
				COPY_PHASE_STRIP = NO;
				DEBUG_INFORMATION_FORMAT = dwarf;
				ENABLE_STRICT_OBJC_MSGSEND = YES;
				ENABLE_TESTABILITY = YES;
				GCC_C_LANGUAGE_STANDARD = gnu11;
				GCC_DYNAMIC_NO_PIC = NO;
				GCC_NO_COMMON_BLOCKS = YES;
				GCC_OPTIMIZATION_LEVEL = 0;
				GCC_PREPROCESSOR_DEFINITIONS = (
					"DEBUG=1",
					"$(inherited)",
				);
				GCC_WARN_64_TO_32_BIT_CONVERSION = YES;
				GCC_WARN_ABOUT_RETURN_TYPE = YES_ERROR;
				GCC_WARN_UNDECLARED_SELECTOR = YES;
				GCC_WARN_UNINITIALIZED_AUTOS = YES_AGGRESSIVE;
				GCC_WARN_UNUSED_FUNCTION = YES;
				GCC_WARN_UNUSED_VARIABLE = YES;
				IPHONEOS_DEPLOYMENT_TARGET = 15.4;
				MTL_ENABLE_DEBUG_INFO = INCLUDE_SOURCE;
				MTL_FAST_MATH = YES;
				ONLY_ACTIVE_ARCH = YES;
				SDKROOT = iphoneos;
				SWIFT_ACTIVE_COMPILATION_CONDITIONS = DEBUG;
				SWIFT_OPTIMIZATION_LEVEL = "-Onone";
			};
			name = Debug;
		};
		893D5A98280207D8004244FF /* Release */ = {
			isa = XCBuildConfiguration;
			buildSettings = {
				ALWAYS_SEARCH_USER_PATHS = NO;
				CLANG_ANALYZER_NONNULL = YES;
				CLANG_ANALYZER_NUMBER_OBJECT_CONVERSION = YES_AGGRESSIVE;
				CLANG_CXX_LANGUAGE_STANDARD = "gnu++17";
				CLANG_ENABLE_MODULES = YES;
				CLANG_ENABLE_OBJC_ARC = YES;
				CLANG_ENABLE_OBJC_WEAK = YES;
				CLANG_WARN_BLOCK_CAPTURE_AUTORELEASING = YES;
				CLANG_WARN_BOOL_CONVERSION = YES;
				CLANG_WARN_COMMA = YES;
				CLANG_WARN_CONSTANT_CONVERSION = YES;
				CLANG_WARN_DEPRECATED_OBJC_IMPLEMENTATIONS = YES;
				CLANG_WARN_DIRECT_OBJC_ISA_USAGE = YES_ERROR;
				CLANG_WARN_DOCUMENTATION_COMMENTS = YES;
				CLANG_WARN_EMPTY_BODY = YES;
				CLANG_WARN_ENUM_CONVERSION = YES;
				CLANG_WARN_INFINITE_RECURSION = YES;
				CLANG_WARN_INT_CONVERSION = YES;
				CLANG_WARN_NON_LITERAL_NULL_CONVERSION = YES;
				CLANG_WARN_OBJC_IMPLICIT_RETAIN_SELF = YES;
				CLANG_WARN_OBJC_LITERAL_CONVERSION = YES;
				CLANG_WARN_OBJC_ROOT_CLASS = YES_ERROR;
				CLANG_WARN_QUOTED_INCLUDE_IN_FRAMEWORK_HEADER = YES;
				CLANG_WARN_RANGE_LOOP_ANALYSIS = YES;
				CLANG_WARN_STRICT_PROTOTYPES = YES;
				CLANG_WARN_SUSPICIOUS_MOVE = YES;
				CLANG_WARN_UNGUARDED_AVAILABILITY = YES_AGGRESSIVE;
				CLANG_WARN_UNREACHABLE_CODE = YES;
				CLANG_WARN__DUPLICATE_METHOD_MATCH = YES;
				COPY_PHASE_STRIP = NO;
				DEBUG_INFORMATION_FORMAT = "dwarf-with-dsym";
				ENABLE_NS_ASSERTIONS = NO;
				ENABLE_STRICT_OBJC_MSGSEND = YES;
				GCC_C_LANGUAGE_STANDARD = gnu11;
				GCC_NO_COMMON_BLOCKS = YES;
				GCC_WARN_64_TO_32_BIT_CONVERSION = YES;
				GCC_WARN_ABOUT_RETURN_TYPE = YES_ERROR;
				GCC_WARN_UNDECLARED_SELECTOR = YES;
				GCC_WARN_UNINITIALIZED_AUTOS = YES_AGGRESSIVE;
				GCC_WARN_UNUSED_FUNCTION = YES;
				GCC_WARN_UNUSED_VARIABLE = YES;
				IPHONEOS_DEPLOYMENT_TARGET = 15.4;
				MTL_ENABLE_DEBUG_INFO = NO;
				MTL_FAST_MATH = YES;
				SDKROOT = iphoneos;
				SWIFT_COMPILATION_MODE = wholemodule;
				SWIFT_OPTIMIZATION_LEVEL = "-O";
				VALIDATE_PRODUCT = YES;
			};
			name = Release;
		};
		893D5A9A280207D8004244FF /* Debug */ = {
			isa = XCBuildConfiguration;
			buildSettings = {
				ASSETCATALOG_COMPILER_APPICON_NAME = AppIcon;
				ASSETCATALOG_COMPILER_GLOBAL_ACCENT_COLOR_NAME = AccentColor;
				CODE_SIGN_STYLE = Automatic;
				CURRENT_PROJECT_VERSION = 1;
				DEVELOPMENT_ASSET_PATHS = "\"prince2/Preview Content\"";
				DEVELOPMENT_TEAM = WTTP3XASSU;
				ENABLE_PREVIEWS = YES;
				GENERATE_INFOPLIST_FILE = YES;
				INFOPLIST_KEY_UIApplicationSceneManifest_Generation = YES;
				INFOPLIST_KEY_UIApplicationSupportsIndirectInputEvents = YES;
				INFOPLIST_KEY_UILaunchScreen_Generation = YES;
				INFOPLIST_KEY_UISupportedInterfaceOrientations_iPad = "UIInterfaceOrientationPortrait UIInterfaceOrientationPortraitUpsideDown UIInterfaceOrientationLandscapeLeft UIInterfaceOrientationLandscapeRight";
				INFOPLIST_KEY_UISupportedInterfaceOrientations_iPhone = "UIInterfaceOrientationPortrait UIInterfaceOrientationLandscapeLeft UIInterfaceOrientationLandscapeRight";
				LD_RUNPATH_SEARCH_PATHS = (
					"$(inherited)",
					"@executable_path/Frameworks",
				);
				MARKETING_VERSION = 1.0;
				PRODUCT_BUNDLE_IDENTIFIER = prince.teoron.prince2;
				PRODUCT_NAME = "$(TARGET_NAME)";
				SWIFT_EMIT_LOC_STRINGS = YES;
				SWIFT_VERSION = 5.0;
				TARGETED_DEVICE_FAMILY = "1,2";
			};
			name = Debug;
		};
		893D5A9B280207D8004244FF /* Release */ = {
			isa = XCBuildConfiguration;
			buildSettings = {
				ASSETCATALOG_COMPILER_APPICON_NAME = AppIcon;
				ASSETCATALOG_COMPILER_GLOBAL_ACCENT_COLOR_NAME = AccentColor;
				CODE_SIGN_STYLE = Automatic;
				CURRENT_PROJECT_VERSION = 1;
				DEVELOPMENT_ASSET_PATHS = "\"prince2/Preview Content\"";
				DEVELOPMENT_TEAM = WTTP3XASSU;
				ENABLE_PREVIEWS = YES;
				GENERATE_INFOPLIST_FILE = YES;
				INFOPLIST_KEY_UIApplicationSceneManifest_Generation = YES;
				INFOPLIST_KEY_UIApplicationSupportsIndirectInputEvents = YES;
				INFOPLIST_KEY_UILaunchScreen_Generation = YES;
				INFOPLIST_KEY_UISupportedInterfaceOrientations_iPad = "UIInterfaceOrientationPortrait UIInterfaceOrientationPortraitUpsideDown UIInterfaceOrientationLandscapeLeft UIInterfaceOrientationLandscapeRight";
				INFOPLIST_KEY_UISupportedInterfaceOrientations_iPhone = "UIInterfaceOrientationPortrait UIInterfaceOrientationLandscapeLeft UIInterfaceOrientationLandscapeRight";
				LD_RUNPATH_SEARCH_PATHS = (
					"$(inherited)",
					"@executable_path/Frameworks",
				);
				MARKETING_VERSION = 1.0;
				PRODUCT_BUNDLE_IDENTIFIER = prince.teoron.prince2;
				PRODUCT_NAME = "$(TARGET_NAME)";
				SWIFT_EMIT_LOC_STRINGS = YES;
				SWIFT_VERSION = 5.0;
				TARGETED_DEVICE_FAMILY = "1,2";
			};
			name = Release;
		};
		893D5A9D280207D8004244FF /* Debug */ = {
			isa = XCBuildConfiguration;
			buildSettings = {
				ALWAYS_EMBED_SWIFT_STANDARD_LIBRARIES = YES;
				BUNDLE_LOADER = "$(TEST_HOST)";
				CODE_SIGN_STYLE = Automatic;
				CURRENT_PROJECT_VERSION = 1;
				DEVELOPMENT_TEAM = WTTP3XASSU;
				GENERATE_INFOPLIST_FILE = YES;
				IPHONEOS_DEPLOYMENT_TARGET = 15.4;
				MARKETING_VERSION = 1.0;
				PRODUCT_BUNDLE_IDENTIFIER = prince.teoron.prince2Tests;
				PRODUCT_NAME = "$(TARGET_NAME)";
				SWIFT_EMIT_LOC_STRINGS = NO;
				SWIFT_VERSION = 5.0;
				TARGETED_DEVICE_FAMILY = "1,2";
				TEST_HOST = "$(BUILT_PRODUCTS_DIR)/prince2.app/prince2";
			};
			name = Debug;
		};
		893D5A9E280207D8004244FF /* Release */ = {
			isa = XCBuildConfiguration;
			buildSettings = {
				ALWAYS_EMBED_SWIFT_STANDARD_LIBRARIES = YES;
				BUNDLE_LOADER = "$(TEST_HOST)";
				CODE_SIGN_STYLE = Automatic;
				CURRENT_PROJECT_VERSION = 1;
				DEVELOPMENT_TEAM = WTTP3XASSU;
				GENERATE_INFOPLIST_FILE = YES;
				IPHONEOS_DEPLOYMENT_TARGET = 15.4;
				MARKETING_VERSION = 1.0;
				PRODUCT_BUNDLE_IDENTIFIER = prince.teoron.prince2Tests;
				PRODUCT_NAME = "$(TARGET_NAME)";
				SWIFT_EMIT_LOC_STRINGS = NO;
				SWIFT_VERSION = 5.0;
				TARGETED_DEVICE_FAMILY = "1,2";
				TEST_HOST = "$(BUILT_PRODUCTS_DIR)/prince2.app/prince2";
			};
			name = Release;
		};
		893D5AA0280207D8004244FF /* Debug */ = {
			isa = XCBuildConfiguration;
			buildSettings = {
				ALWAYS_EMBED_SWIFT_STANDARD_LIBRARIES = YES;
				CODE_SIGN_STYLE = Automatic;
				CURRENT_PROJECT_VERSION = 1;
				DEVELOPMENT_TEAM = WTTP3XASSU;
				GENERATE_INFOPLIST_FILE = YES;
				MARKETING_VERSION = 1.0;
				PRODUCT_BUNDLE_IDENTIFIER = prince.teoron.prince2UITests;
				PRODUCT_NAME = "$(TARGET_NAME)";
				SWIFT_EMIT_LOC_STRINGS = NO;
				SWIFT_VERSION = 5.0;
				TARGETED_DEVICE_FAMILY = "1,2";
				TEST_TARGET_NAME = prince2;
			};
			name = Debug;
		};
		893D5AA1280207D8004244FF /* Release */ = {
			isa = XCBuildConfiguration;
			buildSettings = {
				ALWAYS_EMBED_SWIFT_STANDARD_LIBRARIES = YES;
				CODE_SIGN_STYLE = Automatic;
				CURRENT_PROJECT_VERSION = 1;
				DEVELOPMENT_TEAM = WTTP3XASSU;
				GENERATE_INFOPLIST_FILE = YES;
				MARKETING_VERSION = 1.0;
				PRODUCT_BUNDLE_IDENTIFIER = prince.teoron.prince2UITests;
				PRODUCT_NAME = "$(TARGET_NAME)";
				SWIFT_EMIT_LOC_STRINGS = NO;
				SWIFT_VERSION = 5.0;
				TARGETED_DEVICE_FAMILY = "1,2";
				TEST_TARGET_NAME = prince2;
			};
			name = Release;
		};
/* End XCBuildConfiguration section */

/* Begin XCConfigurationList section */
		893D5A70280207D6004244FF /* Build configuration list for PBXProject "prince2" */ = {
			isa = XCConfigurationList;
			buildConfigurations = (
				893D5A97280207D8004244FF /* Debug */,
				893D5A98280207D8004244FF /* Release */,
			);
			defaultConfigurationIsVisible = 0;
			defaultConfigurationName = Release;
		};
		893D5A99280207D8004244FF /* Build configuration list for PBXNativeTarget "prince2" */ = {
			isa = XCConfigurationList;
			buildConfigurations = (
				893D5A9A280207D8004244FF /* Debug */,
				893D5A9B280207D8004244FF /* Release */,
			);
			defaultConfigurationIsVisible = 0;
			defaultConfigurationName = Release;
		};
		893D5A9C280207D8004244FF /* Build configuration list for PBXNativeTarget "prince2Tests" */ = {
			isa = XCConfigurationList;
			buildConfigurations = (
				893D5A9D280207D8004244FF /* Debug */,
				893D5A9E280207D8004244FF /* Release */,
			);
			defaultConfigurationIsVisible = 0;
			defaultConfigurationName = Release;
		};
		893D5A9F280207D8004244FF /* Build configuration list for PBXNativeTarget "prince2UITests" */ = {
			isa = XCConfigurationList;
			buildConfigurations = (
				893D5AA0280207D8004244FF /* Debug */,
				893D5AA1280207D8004244FF /* Release */,
			);
			defaultConfigurationIsVisible = 0;
			defaultConfigurationName = Release;
		};
/* End XCConfigurationList section */
	};
	rootObject = 893D5A6D280207D6004244FF /* Project object */;
}
